
Microsoft Visual Studio Solution File, Format Version 12.00
# Visual Studio 15
VisualStudioVersion = 15.0.27703.2000
MinimumVisualStudioVersion = 10.0.40219.1
Project("{FAE04EC0-301F-11D3-BF4B-00C04F79EFBC}") = "SampleMVC", "SampleMVC.csproj", "{FD7B7D52-47FA-423A-9AA2-AEC6EF3B1065}"
EndProject
Global
	GlobalSection(SolutionConfigurationPlatforms) = preSolution
		Debug|Any CPU = Debug|Any CPU
		Release|Any CPU = Release|Any CPU
	EndGlobalSection
	GlobalSection(ProjectConfigurationPlatforms) = postSolution
		{FD7B7D52-47FA-423A-9AA2-AEC6EF3B1065}.Debug|Any CPU.ActiveCfg = Debug|Any CPU
		{FD7B7D52-47FA-423A-9AA2-AEC6EF3B1065}.Debug|Any CPU.Build.0 = Debug|Any CPU
		{FD7B7D52-47FA-423A-9AA2-AEC6EF3B1065}.Release|Any CPU.ActiveCfg = Release|Any CPU
		{FD7B7D52-47FA-423A-9AA2-AEC6EF3B1065}.Release|Any CPU.Build.0 = Release|Any CPU
	EndGlobalSection
	GlobalSection(SolutionProperties) = preSolution
		HideSolutionNode = FALSE
	EndGlobalSection
	GlobalSection(ExtensibilityGlobals) = postSolution
		SolutionGuid = {88FEC559-8618-4809-969D-F90B1978F696}
	EndGlobalSection
EndGlobal
